
Microsoft Visual Studio Solution File, Format Version 12.00
# Visual Studio 15
VisualStudioVersion = 15.0.28307.779
MinimumVisualStudioVersion = 10.0.40219.1
Project("{888888A0-9F3D-457C-B088-3A5042F75D52}") = "2DNavierStokes(New)", "2DNavierStokes(New)\2DNavierStokes(New).pyproj", "{64257BB2-1B0E-4BA1-BBAB-21B50A69E74A}"
EndProject
Global
	GlobalSection(SolutionConfigurationPlatforms) = preSolution
		Debug|Any CPU = Debug|Any CPU
		Release|Any CPU = Release|Any CPU
	EndGlobalSection
	GlobalSection(ProjectConfigurationPlatforms) = postSolution
		{64257BB2-1B0E-4BA1-BBAB-21B50A69E74A}.Debug|Any CPU.ActiveCfg = Debug|Any CPU
		{64257BB2-1B0E-4BA1-BBAB-21B50A69E74A}.Release|Any CPU.ActiveCfg = Release|Any CPU
	EndGlobalSection
	GlobalSection(SolutionProperties) = preSolution
		HideSolutionNode = FALSE
	EndGlobalSection
	GlobalSection(ExtensibilityGlobals) = postSolution
		SolutionGuid = {7A39AAC0-DA28-4FB2-8FFF-C1873C9BB5EE}
	EndGlobalSection
EndGlobal
